
Microsoft Visual Studio Solution File, Format Version 12.00
# Visual Studio 15
VisualStudioVersion = 15.0.27004.2002
MinimumVisualStudioVersion = 10.0.40219.1
Project("{9A19103F-16F7-4668-BE54-9A1E7A4F7556}") = "MvcMovie", "MvcMovie\MvcMovie.csproj", "{4323F8F6-497E-48FB-9ECB-0A4F0AD082C6}"
EndProject
Project("{E53339B2-1760-4266-BCC7-CA923CBCF16C}") = "docker-compose", "docker-compose.dcproj", "{7B8AB1BD-6452-4961-BAA1-202226879869}"
EndProject
Global
	GlobalSection(SolutionConfigurationPlatforms) = preSolution
		Debug|Any CPU = Debug|Any CPU
		Release|Any CPU = Release|Any CPU
	EndGlobalSection
	GlobalSection(ProjectConfigurationPlatforms) = postSolution
		{4323F8F6-497E-48FB-9ECB-0A4F0AD082C6}.Debug|Any CPU.ActiveCfg = Debug|Any CPU
		{4323F8F6-497E-48FB-9ECB-0A4F0AD082C6}.Debug|Any CPU.Build.0 = Debug|Any CPU
		{4323F8F6-497E-48FB-9ECB-0A4F0AD082C6}.Release|Any CPU.ActiveCfg = Release|Any CPU
		{4323F8F6-497E-48FB-9ECB-0A4F0AD082C6}.Release|Any CPU.Build.0 = Release|Any CPU
		{7B8AB1BD-6452-4961-BAA1-202226879869}.Debug|Any CPU.ActiveCfg = Debug|Any CPU
		{7B8AB1BD-6452-4961-BAA1-202226879869}.Debug|Any CPU.Build.0 = Debug|Any CPU
		{7B8AB1BD-6452-4961-BAA1-202226879869}.Release|Any CPU.ActiveCfg = Release|Any CPU
		{7B8AB1BD-6452-4961-BAA1-202226879869}.Release|Any CPU.Build.0 = Release|Any CPU
	EndGlobalSection
	GlobalSection(SolutionProperties) = preSolution
		HideSolutionNode = FALSE
	EndGlobalSection
	GlobalSection(ExtensibilityGlobals) = postSolution
		SolutionGuid = {6D4F6F93-82DC-417A-A505-7AD21EC83D6F}
	EndGlobalSection
EndGlobal
